
Microsoft Visual Studio Solution File, Format Version 12.00
# Visual Studio Version 16
VisualStudioVersion = 16.0.30320.27
MinimumVisualStudioVersion = 10.0.40219.1
Project("{FAE04EC0-301F-11D3-BF4B-00C04F79EFBC}") = "DingDingDiceBot", "DingDingDiceBot\DingDingDiceBot.csproj", "{CC213A1C-721E-49E3-AA71-0D3CAF6EC1EF}"
EndProject
Global
	GlobalSection(SolutionConfigurationPlatforms) = preSolution
		Debug|Any CPU = Debug|Any CPU
		Release|Any CPU = Release|Any CPU
	EndGlobalSection
	GlobalSection(ProjectConfigurationPlatforms) = postSolution
		{CC213A1C-721E-49E3-AA71-0D3CAF6EC1EF}.Debug|Any CPU.ActiveCfg = Debug|Any CPU
		{CC213A1C-721E-49E3-AA71-0D3CAF6EC1EF}.Debug|Any CPU.Build.0 = Debug|Any CPU
		{CC213A1C-721E-49E3-AA71-0D3CAF6EC1EF}.Release|Any CPU.ActiveCfg = Release|Any CPU
		{CC213A1C-721E-49E3-AA71-0D3CAF6EC1EF}.Release|Any CPU.Build.0 = Release|Any CPU
	EndGlobalSection
	GlobalSection(SolutionProperties) = preSolution
		HideSolutionNode = FALSE
	EndGlobalSection
	GlobalSection(ExtensibilityGlobals) = postSolution
		SolutionGuid = {208D5016-EAA0-4A5F-8E3D-3CBCA98E0488}
	EndGlobalSection
EndGlobal
